Microsoft Visual Studio Solution File, Format Version 11.00
# Visual Studio 2008

Project("{F841AA27-1553-0499-AEC0-54C326E15FF2}") = "BrainMapper", "Assembly-CSharp.csproj", "{9776C171-1D5F-2725-F425-412B1A124D88}"
EndProject
Project("{F841AA27-1553-0499-AEC0-54C326E15FF2}") = "BrainMapper", "Assembly-UnityScript.unityproj", "{2F71E038-2382-D430-C819-C4F6C6EEC5FC}"
EndProject
Global
	GlobalSection(SolutionConfigurationPlatforms) = preSolution
		Debug|Any CPU = Debug|Any CPU
		Release|Any CPU = Release|Any CPU
	EndGlobalSection
	GlobalSection(ProjectConfigurationPlatforms) = postSolution
		{9776C171-1D5F-2725-F425-412B1A124D88}.Debug|Any CPU.ActiveCfg = Debug|Any CPU
		{9776C171-1D5F-2725-F425-412B1A124D88}.Debug|Any CPU.Build.0 = Debug|Any CPU
		{9776C171-1D5F-2725-F425-412B1A124D88}.Release|Any CPU.ActiveCfg = Release|Any CPU
		{9776C171-1D5F-2725-F425-412B1A124D88}.Release|Any CPU.Build.0 = Release|Any CPU
		{2F71E038-2382-D430-C819-C4F6C6EEC5FC}.Debug|Any CPU.ActiveCfg = Debug|Any CPU
		{2F71E038-2382-D430-C819-C4F6C6EEC5FC}.Debug|Any CPU.Build.0 = Debug|Any CPU
		{2F71E038-2382-D430-C819-C4F6C6EEC5FC}.Release|Any CPU.ActiveCfg = Release|Any CPU
		{2F71E038-2382-D430-C819-C4F6C6EEC5FC}.Release|Any CPU.Build.0 = Release|Any CPU
	EndGlobalSection
	GlobalSection(SolutionProperties) = preSolution
		HideSolutionNode = FALSE
	EndGlobalSection
				GlobalSection(MonoDevelopProperties) = preSolution
		StartupItem = Assembly-CSharp.csproj
		Policies = $0
		$0.TextStylePolicy = $1
		$1.inheritsSet = null
		$1.scope = text/x-csharp
		$0.CSharpFormattingPolicy = $2
		$2.inheritsSet = Mono
		$2.inheritsScope = text/x-csharp
		$2.scope = text/x-csharp
		$0.TextStylePolicy = $3
		$3.FileWidth = 120
		$3.TabWidth = 4
		$3.EolMarker = Unix
		$3.inheritsSet = Mono
		$3.inheritsScope = text/plain
		$3.scope = text/plain
	EndGlobalSection

EndGlobal
